
Microsoft Visual Studio Solution File, Format Version 12.00
# Visual Studio 15
VisualStudioVersion = 15.0.28307.271
MinimumVisualStudioVersion = 10.0.40219.1
Project("{FAE04EC0-301F-11D3-BF4B-00C04F79EFBC}") = "TaskManagerApi", "TaskManagerApi\TaskManagerApi.csproj", "{224AD23B-DF84-4903-B3EF-AF8529CCA8D3}"
EndProject
Project("{FAE04EC0-301F-11D3-BF4B-00C04F79EFBC}") = "TasksManager.Data.Lib", "TasksManager.Data.Lib\TasksManager.Data.Lib.csproj", "{91B39FB0-0104-4117-83C5-75736CF757CB}"
EndProject
Project("{FAE04EC0-301F-11D3-BF4B-00C04F79EFBC}") = "TasksManager.Entities", "TasksManager.Entities\TasksManager.Entities.csproj", "{04EC7A31-337F-40E2-8B34-66FF4CE41D59}"
EndProject
Project("{FAE04EC0-301F-11D3-BF4B-00C04F79EFBC}") = "TasksManager.Business.Lib", "TasksManager.Business.Lib\TasksManager.Business.Lib.csproj", "{51BA5F35-07FB-4FDB-8540-B3BB63BEEF58}"
EndProject
Project("{FAE04EC0-301F-11D3-BF4B-00C04F79EFBC}") = "TestApp", "TestApp\TestApp.csproj", "{661B4F85-4397-4E00-BBDA-E4286A265853}"
EndProject
Global
	GlobalSection(SolutionConfigurationPlatforms) = preSolution
		Debug|Any CPU = Debug|Any CPU
		Debug|ARM = Debug|ARM
		Debug|ARM64 = Debug|ARM64
		Debug|x64 = Debug|x64
		Debug|x86 = Debug|x86
		Release|Any CPU = Release|Any CPU
		Release|ARM = Release|ARM
		Release|ARM64 = Release|ARM64
		Release|x64 = Release|x64
		Release|x86 = Release|x86
	EndGlobalSection
	GlobalSection(ProjectConfigurationPlatforms) = postSolution
		{224AD23B-DF84-4903-B3EF-AF8529CCA8D3}.Debug|Any CPU.ActiveCfg = Debug|Any CPU
		{224AD23B-DF84-4903-B3EF-AF8529CCA8D3}.Debug|Any CPU.Build.0 = Debug|Any CPU
		{224AD23B-DF84-4903-B3EF-AF8529CCA8D3}.Debug|ARM.ActiveCfg = Debug|Any CPU
		{224AD23B-DF84-4903-B3EF-AF8529CCA8D3}.Debug|ARM.Build.0 = Debug|Any CPU
		{224AD23B-DF84-4903-B3EF-AF8529CCA8D3}.Debug|ARM64.ActiveCfg = Debug|Any CPU
		{224AD23B-DF84-4903-B3EF-AF8529CCA8D3}.Debug|ARM64.Build.0 = Debug|Any CPU
		{224AD23B-DF84-4903-B3EF-AF8529CCA8D3}.Debug|x64.ActiveCfg = Debug|Any CPU
		{224AD23B-DF84-4903-B3EF-AF8529CCA8D3}.Debug|x64.Build.0 = Debug|Any CPU
		{224AD23B-DF84-4903-B3EF-AF8529CCA8D3}.Debug|x86.ActiveCfg = Debug|Any CPU
		{224AD23B-DF84-4903-B3EF-AF8529CCA8D3}.Debug|x86.Build.0 = Debug|Any CPU
		{224AD23B-DF84-4903-B3EF-AF8529CCA8D3}.Release|Any CPU.ActiveCfg = Release|Any CPU
		{224AD23B-DF84-4903-B3EF-AF8529CCA8D3}.Release|Any CPU.Build.0 = Release|Any CPU
		{224AD23B-DF84-4903-B3EF-AF8529CCA8D3}.Release|ARM.ActiveCfg = Release|Any CPU
		{224AD23B-DF84-4903-B3EF-AF8529CCA8D3}.Release|ARM.Build.0 = Release|Any CPU
		{224AD23B-DF84-4903-B3EF-AF8529CCA8D3}.Release|ARM64.ActiveCfg = Release|Any CPU
		{224AD23B-DF84-4903-B3EF-AF8529CCA8D3}.Release|ARM64.Build.0 = Release|Any CPU
		{224AD23B-DF84-4903-B3EF-AF8529CCA8D3}.Release|x64.ActiveCfg = Release|Any CPU
		{224AD23B-DF84-4903-B3EF-AF8529CCA8D3}.Release|x64.Build.0 = Release|Any CPU
		{224AD23B-DF84-4903-B3EF-AF8529CCA8D3}.Release|x86.ActiveCfg = Release|Any CPU
		{224AD23B-DF84-4903-B3EF-AF8529CCA8D3}.Release|x86.Build.0 = Release|Any CPU
		{91B39FB0-0104-4117-83C5-75736CF757CB}.Debug|Any CPU.ActiveCfg = Debug|Any CPU
		{91B39FB0-0104-4117-83C5-75736CF757CB}.Debug|Any CPU.Build.0 = Debug|Any CPU
		{91B39FB0-0104-4117-83C5-75736CF757CB}.Debug|ARM.ActiveCfg = Debug|Any CPU
		{91B39FB0-0104-4117-83C5-75736CF757CB}.Debug|ARM.Build.0 = Debug|Any CPU
		{91B39FB0-0104-4117-83C5-75736CF757CB}.Debug|ARM64.ActiveCfg = Debug|Any CPU
		{91B39FB0-0104-4117-83C5-75736CF757CB}.Debug|ARM64.Build.0 = Debug|Any CPU
		{91B39FB0-0104-4117-83C5-75736CF757CB}.Debug|x64.ActiveCfg = Debug|Any CPU
		{91B39FB0-0104-4117-83C5-75736CF757CB}.Debug|x64.Build.0 = Debug|Any CPU
		{91B39FB0-0104-4117-83C5-75736CF757CB}.Debug|x86.ActiveCfg = Debug|Any CPU
		{91B39FB0-0104-4117-83C5-75736CF757CB}.Debug|x86.Build.0 = Debug|Any CPU
		{91B39FB0-0104-4117-83C5-75736CF757CB}.Release|Any CPU.ActiveCfg = Release|Any CPU
		{91B39FB0-0104-4117-83C5-75736CF757CB}.Release|Any CPU.Build.0 = Release|Any CPU
		{91B39FB0-0104-4117-83C5-75736CF757CB}.Release|ARM.ActiveCfg = Release|Any CPU
		{91B39FB0-0104-4117-83C5-75736CF757CB}.Release|ARM.Build.0 = Release|Any CPU
		{91B39FB0-0104-4117-83C5-75736CF757CB}.Release|ARM64.ActiveCfg = Release|Any CPU
		{91B39FB0-0104-4117-83C5-75736CF757CB}.Release|ARM64.Build.0 = Release|Any CPU
		{91B39FB0-0104-4117-83C5-75736CF757CB}.Release|x64.ActiveCfg = Release|Any CPU
		{91B39FB0-0104-4117-83C5-75736CF757CB}.Release|x64.Build.0 = Release|Any CPU
		{91B39FB0-0104-4117-83C5-75736CF757CB}.Release|x86.ActiveCfg = Release|Any CPU
		{91B39FB0-0104-4117-83C5-75736CF757CB}.Release|x86.Build.0 = Release|Any CPU
		{04EC7A31-337F-40E2-8B34-66FF4CE41D59}.Debug|Any CPU.ActiveCfg = Debug|Any CPU
		{04EC7A31-337F-40E2-8B34-66FF4CE41D59}.Debug|Any CPU.Build.0 = Debug|Any CPU
		{04EC7A31-337F-40E2-8B34-66FF4CE41D59}.Debug|ARM.ActiveCfg = Debug|Any CPU
		{04EC7A31-337F-40E2-8B34-66FF4CE41D59}.Debug|ARM.Build.0 = Debug|Any CPU
		{04EC7A31-337F-40E2-8B34-66FF4CE41D59}.Debug|ARM64.ActiveCfg = Debug|Any CPU
		{04EC7A31-337F-40E2-8B34-66FF4CE41D59}.Debug|ARM64.Build.0 = Debug|Any CPU
		{04EC7A31-337F-40E2-8B34-66FF4CE41D59}.Debug|x64.ActiveCfg = Debug|Any CPU
		{04EC7A31-337F-40E2-8B34-66FF4CE41D59}.Debug|x64.Build.0 = Debug|Any CPU
		{04EC7A31-337F-40E2-8B34-66FF4CE41D59}.Debug|x86.ActiveCfg = Debug|Any CPU
		{04EC7A31-337F-40E2-8B34-66FF4CE41D59}.Debug|x86.Build.0 = Debug|Any CPU
		{04EC7A31-337F-40E2-8B34-66FF4CE41D59}.Release|Any CPU.ActiveCfg = Release|Any CPU
		{04EC7A31-337F-40E2-8B34-66FF4CE41D59}.Release|Any CPU.Build.0 = Release|Any CPU
		{04EC7A31-337F-40E2-8B34-66FF4CE41D59}.Release|ARM.ActiveCfg = Release|Any CPU
		{04EC7A31-337F-40E2-8B34-66FF4CE41D59}.Release|ARM.Build.0 = Release|Any CPU
		{04EC7A31-337F-40E2-8B34-66FF4CE41D59}.Release|ARM64.ActiveCfg = Release|Any CPU
		{04EC7A31-337F-40E2-8B34-66FF4CE41D59}.Release|ARM64.Build.0 = Release|Any CPU
		{04EC7A31-337F-40E2-8B34-66FF4CE41D59}.Release|x64.ActiveCfg = Release|Any CPU
		{04EC7A31-337F-40E2-8B34-66FF4CE41D59}.Release|x64.Build.0 = Release|Any CPU
		{04EC7A31-337F-40E2-8B34-66FF4CE41D59}.Release|x86.ActiveCfg = Release|Any CPU
		{04EC7A31-337F-40E2-8B34-66FF4CE41D59}.Release|x86.Build.0 = Release|Any CPU
		{51BA5F35-07FB-4FDB-8540-B3BB63BEEF58}.Debug|Any CPU.ActiveCfg = Debug|Any CPU
		{51BA5F35-07FB-4FDB-8540-B3BB63BEEF58}.Debug|Any CPU.Build.0 = Debug|Any CPU
		{51BA5F35-07FB-4FDB-8540-B3BB63BEEF58}.Debug|ARM.ActiveCfg = Debug|Any CPU
		{51BA5F35-07FB-4FDB-8540-B3BB63BEEF58}.Debug|ARM.Build.0 = Debug|Any CPU
		{51BA5F35-07FB-4FDB-8540-B3BB63BEEF58}.Debug|ARM64.ActiveCfg = Debug|Any CPU
		{51BA5F35-07FB-4FDB-8540-B3BB63BEEF58}.Debug|ARM64.Build.0 = Debug|Any CPU
		{51BA5F35-07FB-4FDB-8540-B3BB63BEEF58}.Debug|x64.ActiveCfg = Debug|Any CPU
		{51BA5F35-07FB-4FDB-8540-B3BB63BEEF58}.Debug|x64.Build.0 = Debug|Any CPU
		{51BA5F35-07FB-4FDB-8540-B3BB63BEEF58}.Debug|x86.ActiveCfg = Debug|Any CPU
		{51BA5F35-07FB-4FDB-8540-B3BB63BEEF58}.Debug|x86.Build.0 = Debug|Any CPU
		{51BA5F35-07FB-4FDB-8540-B3BB63BEEF58}.Release|Any CPU.ActiveCfg = Release|Any CPU
		{51BA5F35-07FB-4FDB-8540-B3BB63BEEF58}.Release|Any CPU.Build.0 = Release|Any CPU
		{51BA5F35-07FB-4FDB-8540-B3BB63BEEF58}.Release|ARM.ActiveCfg = Release|Any CPU
		{51BA5F35-07FB-4FDB-8540-B3BB63BEEF58}.Release|ARM.Build.0 = Release|Any CPU
		{51BA5F35-07FB-4FDB-8540-B3BB63BEEF58}.Release|ARM64.ActiveCfg = Release|Any CPU
		{51BA5F35-07FB-4FDB-8540-B3BB63BEEF58}.Release|ARM64.Build.0 = Release|Any CPU
		{51BA5F35-07FB-4FDB-8540-B3BB63BEEF58}.Release|x64.ActiveCfg = Release|Any CPU
		{51BA5F35-07FB-4FDB-8540-B3BB63BEEF58}.Release|x64.Build.0 = Release|Any CPU
		{51BA5F35-07FB-4FDB-8540-B3BB63BEEF58}.Release|x86.ActiveCfg = Release|Any CPU
		{51BA5F35-07FB-4FDB-8540-B3BB63BEEF58}.Release|x86.Build.0 = Release|Any CPU
		{661B4F85-4397-4E00-BBDA-E4286A265853}.Debug|Any CPU.ActiveCfg = Debug|Any CPU
		{661B4F85-4397-4E00-BBDA-E4286A265853}.Debug|Any CPU.Build.0 = Debug|Any CPU
		{661B4F85-4397-4E00-BBDA-E4286A265853}.Debug|ARM.ActiveCfg = Debug|Any CPU
		{661B4F85-4397-4E00-BBDA-E4286A265853}.Debug|ARM.Build.0 = Debug|Any CPU
		{661B4F85-4397-4E00-BBDA-E4286A265853}.Debug|ARM64.ActiveCfg = Debug|Any CPU
		{661B4F85-4397-4E00-BBDA-E4286A265853}.Debug|ARM64.Build.0 = Debug|Any CPU
		{661B4F85-4397-4E00-BBDA-E4286A265853}.Debug|x64.ActiveCfg = Debug|Any CPU
		{661B4F85-4397-4E00-BBDA-E4286A265853}.Debug|x64.Build.0 = Debug|Any CPU
		{661B4F85-4397-4E00-BBDA-E4286A265853}.Debug|x86.ActiveCfg = Debug|Any CPU
		{661B4F85-4397-4E00-BBDA-E4286A265853}.Debug|x86.Build.0 = Debug|Any CPU
		{661B4F85-4397-4E00-BBDA-E4286A265853}.Release|Any CPU.ActiveCfg = Release|Any CPU
		{661B4F85-4397-4E00-BBDA-E4286A265853}.Release|Any CPU.Build.0 = Release|Any CPU
		{661B4F85-4397-4E00-BBDA-E4286A265853}.Release|ARM.ActiveCfg = Release|Any CPU
		{661B4F85-4397-4E00-BBDA-E4286A265853}.Release|ARM.Build.0 = Release|Any CPU
		{661B4F85-4397-4E00-BBDA-E4286A265853}.Release|ARM64.ActiveCfg = Release|Any CPU
		{661B4F85-4397-4E00-BBDA-E4286A265853}.Release|ARM64.Build.0 = Release|Any CPU
		{661B4F85-4397-4E00-BBDA-E4286A265853}.Release|x64.ActiveCfg = Release|Any CPU
		{661B4F85-4397-4E00-BBDA-E4286A265853}.Release|x64.Build.0 = Release|Any CPU
		{661B4F85-4397-4E00-BBDA-E4286A265853}.Release|x86.ActiveCfg = Release|Any CPU
		{661B4F85-4397-4E00-BBDA-E4286A265853}.Release|x86.Build.0 = Release|Any CPU
	EndGlobalSection
	GlobalSection(SolutionProperties) = preSolution
		HideSolutionNode = FALSE
	EndGlobalSection
	GlobalSection(ExtensibilityGlobals) = postSolution
		SolutionGuid = {18ED2F96-324C-4470-AE8C-E7D873B4066E}
	EndGlobalSection
EndGlobal
